{
  "name": "tth-vue-table",
  "version": "1.0.0",
  "lockfileVersion": 1,
  "requires": true,
  "dependencies": {
    "tth-v-pagination": {
      "version": "1.0.1",
      "resolved": "https://registry.npmjs.org/tth-v-pagination/-/tth-v-pagination-1.0.1.tgz",
      "integrity": "sha512-VSVnFNoRLA30djhwzP9w198UwVQywoA0duSViMlTUBH2jdpr8HwJNoYrfAuCz+FOBURkCxtMgfk3HbMiaX099A=="
    }
  }
}
